
Microsoft Visual Studio Solution File, Format Version 12.00
# Visual Studio Version 16
VisualStudioVersion = 16.0.30621.155
MinimumVisualStudioVersion = 10.0.40219.1
Project("{8BC9CEB8-8B4A-11D0-8D11-00A0C91BC942}") = "run", "run\run.vcxproj", "{261288FA-8A64-4853-A370-03D20093A57A}"
EndProject
Global
	GlobalSection(SolutionConfigurationPlatforms) = preSolution
		Debug|x64 = Debug|x64
		Debug|x86 = Debug|x86
		Release|x64 = Release|x64
		Release|x86 = Release|x86
	EndGlobalSection
	GlobalSection(ProjectConfigurationPlatforms) = postSolution
		{261288FA-8A64-4853-A370-03D20093A57A}.Debug|x64.ActiveCfg = Debug|x64
		{261288FA-8A64-4853-A370-03D20093A57A}.Debug|x64.Build.0 = Debug|x64
		{261288FA-8A64-4853-A370-03D20093A57A}.Debug|x86.ActiveCfg = Debug|Win32
		{261288FA-8A64-4853-A370-03D20093A57A}.Debug|x86.Build.0 = Debug|Win32
		{261288FA-8A64-4853-A370-03D20093A57A}.Release|x64.ActiveCfg = Release|x64
		{261288FA-8A64-4853-A370-03D20093A57A}.Release|x64.Build.0 = Release|x64
		{261288FA-8A64-4853-A370-03D20093A57A}.Release|x86.ActiveCfg = Release|Win32
		{261288FA-8A64-4853-A370-03D20093A57A}.Release|x86.Build.0 = Release|Win32
	EndGlobalSection
	GlobalSection(SolutionProperties) = preSolution
		HideSolutionNode = FALSE
	EndGlobalSection
	GlobalSection(ExtensibilityGlobals) = postSolution
		SolutionGuid = {06D8D0E4-1210-4367-8D48-E6E31E8A1915}
	EndGlobalSection
EndGlobal
